
Microsoft Visual Studio Solution File, Format Version 12.00
# Visual Studio Version 16
VisualStudioVersion = 16.0.29613.14
MinimumVisualStudioVersion = 10.0.40219.1
Project("{2150E333-8FDC-42A3-9474-1A3956D46DE8}") = "Presentation", "Presentation", "{E5389F95-50E2-4B3A-850C-3AD63E531DF5}"
EndProject
Project("{2150E333-8FDC-42A3-9474-1A3956D46DE8}") = "Application", "Application", "{0A6B1B07-9414-4F8B-A175-BDA18033CF62}"
EndProject
Project("{2150E333-8FDC-42A3-9474-1A3956D46DE8}") = "Domain", "Domain", "{10ABB536-FD81-4AE6-BCB3-8B6514498C63}"
EndProject
Project("{2150E333-8FDC-42A3-9474-1A3956D46DE8}") = "Infra", "Infra", "{D270D822-D30F-45F6-A70D-C4778C87A83B}"
EndProject
Project("{9A19103F-16F7-4668-BE54-9A1E7A4F7556}") = "Livros.Presentation.API", "src\Livros.Presentation.API\Livros.Presentation.API.csproj", "{1C34B63F-909F-4F74-ADA6-D36E2DF9049F}"
EndProject
Project("{9A19103F-16F7-4668-BE54-9A1E7A4F7556}") = "Livros.Application", "src\Livros.Application\Livros.Application.csproj", "{937E5D4A-5207-48F2-96BF-EB117C1287A3}"
EndProject
Project("{9A19103F-16F7-4668-BE54-9A1E7A4F7556}") = "Livros.Domain", "src\Livros.Domain\Livros.Domain.csproj", "{188BD0BA-212B-4A2D-B5AF-633A98890F06}"
EndProject
Project("{9A19103F-16F7-4668-BE54-9A1E7A4F7556}") = "Livros.Infra.Data", "src\Livros.Infra.Data\Livros.Infra.Data.csproj", "{4A1E6E06-CCB2-470A-A27F-22015FDFE367}"
EndProject
Project("{9A19103F-16F7-4668-BE54-9A1E7A4F7556}") = "Livros.Infra.CrossCutting", "src\Livros.Infra.CrossCutting\Livros.Infra.CrossCutting.csproj", "{76855389-B097-4F79-AE98-934726BACA5C}"
EndProject
Project("{9A19103F-16F7-4668-BE54-9A1E7A4F7556}") = "Livro.Presentation.Web", "src\Livro.Web\Livro.Presentation.Web.csproj", "{8AAB89D5-0DF5-467F-8878-D992172CE56F}"
EndProject
Project("{2150E333-8FDC-42A3-9474-1A3956D46DE8}") = "Tests", "Tests", "{FD5BEEF0-F514-4E58-B353-74D28F4DEE2B}"
EndProject
Project("{FAE04EC0-301F-11D3-BF4B-00C04F79EFBC}") = "Livros.Application.Test", "src\Livros.Application.Test\Livros.Application.Test.csproj", "{FE89734B-37FB-4507-BCC5-1B99BEA89A1B}"
EndProject
Global
	GlobalSection(SolutionConfigurationPlatforms) = preSolution
		Debug|Any CPU = Debug|Any CPU
		Release|Any CPU = Release|Any CPU
	EndGlobalSection
	GlobalSection(ProjectConfigurationPlatforms) = postSolution
		{1C34B63F-909F-4F74-ADA6-D36E2DF9049F}.Debug|Any CPU.ActiveCfg = Debug|Any CPU
		{1C34B63F-909F-4F74-ADA6-D36E2DF9049F}.Debug|Any CPU.Build.0 = Debug|Any CPU
		{1C34B63F-909F-4F74-ADA6-D36E2DF9049F}.Release|Any CPU.ActiveCfg = Release|Any CPU
		{1C34B63F-909F-4F74-ADA6-D36E2DF9049F}.Release|Any CPU.Build.0 = Release|Any CPU
		{937E5D4A-5207-48F2-96BF-EB117C1287A3}.Debug|Any CPU.ActiveCfg = Debug|Any CPU
		{937E5D4A-5207-48F2-96BF-EB117C1287A3}.Debug|Any CPU.Build.0 = Debug|Any CPU
		{937E5D4A-5207-48F2-96BF-EB117C1287A3}.Release|Any CPU.ActiveCfg = Release|Any CPU
		{937E5D4A-5207-48F2-96BF-EB117C1287A3}.Release|Any CPU.Build.0 = Release|Any CPU
		{188BD0BA-212B-4A2D-B5AF-633A98890F06}.Debug|Any CPU.ActiveCfg = Debug|Any CPU
		{188BD0BA-212B-4A2D-B5AF-633A98890F06}.Debug|Any CPU.Build.0 = Debug|Any CPU
		{188BD0BA-212B-4A2D-B5AF-633A98890F06}.Release|Any CPU.ActiveCfg = Release|Any CPU
		{188BD0BA-212B-4A2D-B5AF-633A98890F06}.Release|Any CPU.Build.0 = Release|Any CPU
		{4A1E6E06-CCB2-470A-A27F-22015FDFE367}.Debug|Any CPU.ActiveCfg = Debug|Any CPU
		{4A1E6E06-CCB2-470A-A27F-22015FDFE367}.Debug|Any CPU.Build.0 = Debug|Any CPU
		{4A1E6E06-CCB2-470A-A27F-22015FDFE367}.Release|Any CPU.ActiveCfg = Release|Any CPU
		{4A1E6E06-CCB2-470A-A27F-22015FDFE367}.Release|Any CPU.Build.0 = Release|Any CPU
		{76855389-B097-4F79-AE98-934726BACA5C}.Debug|Any CPU.ActiveCfg = Debug|Any CPU
		{76855389-B097-4F79-AE98-934726BACA5C}.Debug|Any CPU.Build.0 = Debug|Any CPU
		{76855389-B097-4F79-AE98-934726BACA5C}.Release|Any CPU.ActiveCfg = Release|Any CPU
		{76855389-B097-4F79-AE98-934726BACA5C}.Release|Any CPU.Build.0 = Release|Any CPU
		{8AAB89D5-0DF5-467F-8878-D992172CE56F}.Debug|Any CPU.ActiveCfg = Debug|Any CPU
		{8AAB89D5-0DF5-467F-8878-D992172CE56F}.Debug|Any CPU.Build.0 = Debug|Any CPU
		{8AAB89D5-0DF5-467F-8878-D992172CE56F}.Release|Any CPU.ActiveCfg = Release|Any CPU
		{8AAB89D5-0DF5-467F-8878-D992172CE56F}.Release|Any CPU.Build.0 = Release|Any CPU
		{FE89734B-37FB-4507-BCC5-1B99BEA89A1B}.Debug|Any CPU.ActiveCfg = Debug|Any CPU
		{FE89734B-37FB-4507-BCC5-1B99BEA89A1B}.Debug|Any CPU.Build.0 = Debug|Any CPU
		{FE89734B-37FB-4507-BCC5-1B99BEA89A1B}.Release|Any CPU.ActiveCfg = Release|Any CPU
		{FE89734B-37FB-4507-BCC5-1B99BEA89A1B}.Release|Any CPU.Build.0 = Release|Any CPU
	EndGlobalSection
	GlobalSection(SolutionProperties) = preSolution
		HideSolutionNode = FALSE
	EndGlobalSection
	GlobalSection(NestedProjects) = preSolution
		{1C34B63F-909F-4F74-ADA6-D36E2DF9049F} = {E5389F95-50E2-4B3A-850C-3AD63E531DF5}
		{937E5D4A-5207-48F2-96BF-EB117C1287A3} = {0A6B1B07-9414-4F8B-A175-BDA18033CF62}
		{188BD0BA-212B-4A2D-B5AF-633A98890F06} = {10ABB536-FD81-4AE6-BCB3-8B6514498C63}
		{4A1E6E06-CCB2-470A-A27F-22015FDFE367} = {D270D822-D30F-45F6-A70D-C4778C87A83B}
		{76855389-B097-4F79-AE98-934726BACA5C} = {D270D822-D30F-45F6-A70D-C4778C87A83B}
		{8AAB89D5-0DF5-467F-8878-D992172CE56F} = {E5389F95-50E2-4B3A-850C-3AD63E531DF5}
		{FE89734B-37FB-4507-BCC5-1B99BEA89A1B} = {FD5BEEF0-F514-4E58-B353-74D28F4DEE2B}
	EndGlobalSection
	GlobalSection(ExtensibilityGlobals) = postSolution
		SolutionGuid = {8B73A34B-AA5A-42F0-8AE6-F100D8009259}
	EndGlobalSection
EndGlobal
